{
    "_meta": {
        "hash": {
            "sha256": "e9dee3f4bc877b4d206f6741462c0e2b1b1ee6e0ea388de7000015eac202abdd"
        },
        "pipfile-spec": 6,
        "requires": {
            "python_version": "3.11"
        },
        "sources": [
            {
                "name": "pypi",
                "url": "https://pypi.org/simple",
                "verify_ssl": true
            }
        ]
    },
    "default": {
        "psycopg": {
            "hashes": [
                "sha256:15b25741494344c24066dc2479b0f383dd1b82fa5e75612fa4fa5bb30726e9b6",
                "sha256:8bbeddae5075c7890b2fa3e3553440376d3c5e28418335dee3c3656b06fa2b52"
            ],
            "index": "pypi",
            "version": "==3.1.10"
        },
        "typing-extensions": {
            "hashes": [
                "sha256:440d5dd3af93b060174bf433bccd69b0babc3b15b1a8dca43789fd7f61514b36",
                "sha256:b75ddc264f0ba5615db7ba217daeb99701ad295353c45f9e95963337ceeeffb2"
            ],
            "markers": "python_version >= '3.7'",
            "version": "==4.7.1"
        },
        "tzdata": {
            "hashes": [
                "sha256:11ef1e08e54acb0d4f95bdb1be05da659673de4acbd21bf9c69e94cc5e907a3a",
                "sha256:7e65763eef3120314099b6939b5546db7adce1e7d6f2e179e3df563c70511eda"
            ],
            "markers": "sys_platform == 'win32'",
            "version": "==2023.3"
        }
    },
    "develop": {}
}
